<?xml version="1.0" encoding="utf-8"?>
<Project ToolsVersion="4.0" xmlns="http://schemas.microsoft.com/developer/msbuild/2003">
  <ItemGroup>
    <Filter Include="Resource Files">
      <UniqueIdentifier>{1847c42a-6356-427d-9eba-cfe29351bdfe}</UniqueIdentifier>
      <Extensions>ico;cur;bmp;dlg;rc2;rct;bin;rgs;gif;jpg;jpeg;jpe</Extensions>
    </Filter>
    <Filter Include="User interface">
      <UniqueIdentifier>{95f8ee76-2113-4d72-bfed-61c2d9a5de5b}</UniqueIdentifier>
    </Filter>
  </ItemGroup>
  <ItemGroup>
    <Image Include="res\pluginsample.ico">
      <Filter>Resource Files</Filter>
    </Image>
    <Image Include="res\Toolbar.bmp">
      <Filter>Resource Files</Filter>
    </Image>
  </ItemGroup>
  <ItemGroup>
    <ResourceCompile Include="pluginsample.rc">
      <Filter>Resource Files</Filter>
    </ResourceCompile>
  </ItemGroup>
  <ItemGroup>
    <ClInclude Include="Resource.h">
      <Filter>Resource Files</Filter>
    </ClInclude>
    <ClInclude Include="ChildView.h">
      <Filter>User interface</Filter>
    </ClInclude>
    <ClInclude Include="MainFrame.h">
      <Filter>User interface</Filter>
    </ClInclude>
    <ClInclude Include="pluginsample.h">
      <Filter>User interface</Filter>
    </ClInclude>
    <ClInclude Include="PluginView.h">
      <Filter>User interface</Filter>
    </ClInclude>
    <ClInclude Include="plugin.h" />
    <ClInclude Include="PluginManager.h" />
    <ClInclude Include="StdAfx.h" />
  </ItemGroup>
  <ItemGroup>
    <ClCompile Include="ChildView.cpp">
      <Filter>User interface</Filter>
    </ClCompile>
    <ClCompile Include="MainFrame.cpp">
      <Filter>User interface</Filter>
    </ClCompile>
    <ClCompile Include="pluginsample.cpp">
      <Filter>User interface</Filter>
    </ClCompile>
    <ClCompile Include="PluginView.cpp">
      <Filter>User interface</Filter>
    </ClCompile>
    <ClCompile Include="PluginManager.cpp" />
    <ClCompile Include="StdAfx.cpp" />
  </ItemGroup>
  <ItemGroup>
    <CustomBuild Include="res\pluginsample.rc2">
      <Filter>Resource Files</Filter>
    </CustomBuild>
  </ItemGroup>
</Project>