<?xml version="1.0" encoding="utf-8"?>
<Project ToolsVersion="4.0" xmlns="http://schemas.microsoft.com/developer/msbuild/2003">
  <ItemGroup>
    <Filter Include="Sample classes">
      <UniqueIdentifier>{2c0288e7-5c66-46a7-956a-53d9fc91880e}</UniqueIdentifier>
    </Filter>
  </ItemGroup>
  <ItemGroup>
    <ClCompile Include="GameActor.cpp">
      <Filter>Sample classes</Filter>
    </ClCompile>
    <ClCompile Include="GameCamera.cpp">
      <Filter>Sample classes</Filter>
    </ClCompile>
    <ClCompile Include="GameEntity.cpp">
      <Filter>Sample classes</Filter>
    </ClCompile>
    <ClCompile Include="GamePlayer.cpp">
      <Filter>Sample classes</Filter>
    </ClCompile>
    <ClCompile Include="main.cpp" />
    <ClCompile Include="RTTI.cpp" />
    <ClCompile Include="StdAfx.cpp" />
  </ItemGroup>
  <ItemGroup>
    <ClInclude Include="GameActor.h">
      <Filter>Sample classes</Filter>
    </ClInclude>
    <ClInclude Include="GameCamera.h">
      <Filter>Sample classes</Filter>
    </ClInclude>
    <ClInclude Include="GameEntity.h">
      <Filter>Sample classes</Filter>
    </ClInclude>
    <ClInclude Include="GamePlayer.h">
      <Filter>Sample classes</Filter>
    </ClInclude>
    <ClInclude Include="RTTI.h" />
    <ClInclude Include="StdAfx.h" />
  </ItemGroup>
</Project>