<?xml version="1.0" encoding="utf-8"?>
<Project ToolsVersion="4.0" xmlns="http://schemas.microsoft.com/developer/msbuild/2003">
  <ItemGroup>
    <Filter Include="Sample classes">
      <UniqueIdentifier>{11f43fb4-f8a4-4584-af80-26b5475b6dc9}</UniqueIdentifier>
    </Filter>
  </ItemGroup>
  <ItemGroup>
    <ClCompile Include="FlyingAI.cpp">
      <Filter>Sample classes</Filter>
    </ClCompile>
    <ClCompile Include="HybridAI.cpp">
      <Filter>Sample classes</Filter>
    </ClCompile>
    <ClCompile Include="LandAI.cpp">
      <Filter>Sample classes</Filter>
    </ClCompile>
    <ClCompile Include="main.cpp" />
    <ClCompile Include="RTTI.cpp" />
    <ClCompile Include="StdAfx.cpp" />
  </ItemGroup>
  <ItemGroup>
    <ClInclude Include="FlyingAI.h">
      <Filter>Sample classes</Filter>
    </ClInclude>
    <ClInclude Include="HybridAI.h">
      <Filter>Sample classes</Filter>
    </ClInclude>
    <ClInclude Include="LandAI.h">
      <Filter>Sample classes</Filter>
    </ClInclude>
    <ClInclude Include="RTTI.h" />
    <ClInclude Include="StdAfx.h" />
  </ItemGroup>
</Project>